
Microsoft Visual Studio Solution File, Format Version 12.00
# Visual Studio Version 16
VisualStudioVersion = 16.0.29209.152
MinimumVisualStudioVersion = 10.0.40219.1
Project("{9A19103F-16F7-4668-BE54-9A1E7A4F7556}") = "VncDotnet", "VncDotnet\VncDotnet.csproj", "{5CF8AFB9-4A59-4EDA-B999-CE2FECB3F7E2}"
EndProject
Project("{FAE04EC0-301F-11D3-BF4B-00C04F79EFBC}") = "VncDotnet.WPF", "VncDotnet.WPF\VncDotnet.WPF.csproj", "{429BF3C1-DF28-4F9C-9046-5D9C4BA01C9E}"
EndProject
Project("{FAE04EC0-301F-11D3-BF4B-00C04F79EFBC}") = "Demo.WPF", "Demo.WPF\Demo.WPF.csproj", "{256F295A-79DD-4A1D-9024-6287FBA82E1F}"
EndProject
Global
	GlobalSection(SolutionConfigurationPlatforms) = preSolution
		Debug|Any CPU = Debug|Any CPU
		Release|Any CPU = Release|Any CPU
	EndGlobalSection
	GlobalSection(ProjectConfigurationPlatforms) = postSolution
		{5CF8AFB9-4A59-4EDA-B999-CE2FECB3F7E2}.Debug|Any CPU.ActiveCfg = Debug|Any CPU
		{5CF8AFB9-4A59-4EDA-B999-CE2FECB3F7E2}.Debug|Any CPU.Build.0 = Debug|Any CPU
		{5CF8AFB9-4A59-4EDA-B999-CE2FECB3F7E2}.Release|Any CPU.ActiveCfg = Release|Any CPU
		{5CF8AFB9-4A59-4EDA-B999-CE2FECB3F7E2}.Release|Any CPU.Build.0 = Release|Any CPU
		{429BF3C1-DF28-4F9C-9046-5D9C4BA01C9E}.Debug|Any CPU.ActiveCfg = Debug|Any CPU
		{429BF3C1-DF28-4F9C-9046-5D9C4BA01C9E}.Debug|Any CPU.Build.0 = Debug|Any CPU
		{429BF3C1-DF28-4F9C-9046-5D9C4BA01C9E}.Release|Any CPU.ActiveCfg = Release|Any CPU
		{429BF3C1-DF28-4F9C-9046-5D9C4BA01C9E}.Release|Any CPU.Build.0 = Release|Any CPU
		{256F295A-79DD-4A1D-9024-6287FBA82E1F}.Debug|Any CPU.ActiveCfg = Debug|Any CPU
		{256F295A-79DD-4A1D-9024-6287FBA82E1F}.Debug|Any CPU.Build.0 = Debug|Any CPU
		{256F295A-79DD-4A1D-9024-6287FBA82E1F}.Release|Any CPU.ActiveCfg = Release|Any CPU
		{256F295A-79DD-4A1D-9024-6287FBA82E1F}.Release|Any CPU.Build.0 = Release|Any CPU
	EndGlobalSection
	GlobalSection(SolutionProperties) = preSolution
		HideSolutionNode = FALSE
	EndGlobalSection
	GlobalSection(ExtensibilityGlobals) = postSolution
		SolutionGuid = {5043FE86-CA9D-4153-BDC7-808B70037819}
	EndGlobalSection
EndGlobal
